<?xml version="1.0" encoding="utf-8"?>
<Project ToolsVersion="4.0" xmlns="http://schemas.microsoft.com/developer/msbuild/2003">
  <ItemGroup>
    <Filter Include="Source Files">
      <UniqueIdentifier>{4FC737F1-C7A5-4376-A066-2A32D752A2FF}</UniqueIdentifier>
      <Extensions>cpp;c;cc;cxx;def;odl;idl;hpj;bat;asm;asmx</Extensions>
    </Filter>
    <Filter Include="Header Files">
      <UniqueIdentifier>{93995380-89BD-4b04-88EB-625FBE52EBFB}</UniqueIdentifier>
      <Extensions>h;hpp;hxx;hm;inl;inc;xsd</Extensions>
    </Filter>
    <Filter Include="Resource Files">
      <UniqueIdentifier>{67DA6AB6-F800-4c08-8B7A-83BB121AAD01}</UniqueIdentifier>
      <Extensions>rc;ico;cur;bmp;dlg;rc2;rct;bin;rgs;gif;jpg;jpeg;jpe;resx;tiff;tif;png;wav;mfcribbon-ms</Extensions>
    </Filter>
    <Filter Include="Header Files\Rom">
      <UniqueIdentifier>{70203c0e-2b9b-48af-8812-b7a115755a06}</UniqueIdentifier>
    </Filter>
    <Filter Include="Source Files\Rom">
      <UniqueIdentifier>{95918fb3-a497-410e-b11f-658bc39bdf58}</UniqueIdentifier>
    </Filter>
    <Filter Include="Header Files\Frode">
      <UniqueIdentifier>{c822f4fc-eeca-449c-a77f-8d79eeff8e09}</UniqueIdentifier>
    </Filter>
    <Filter Include="Source Files\Frode">
      <UniqueIdentifier>{b61454ef-e0c2-40e2-aacd-8dbb59c2ab25}</UniqueIdentifier>
    </Filter>
  </ItemGroup>
  <ItemGroup>
    <ClCompile Include="Main.cpp">
      <Filter>Source Files</Filter>
    </ClCompile>
    <ClCompile Include="Hotell.cpp">
      <Filter>Source Files</Filter>
    </ClCompile>
    <ClCompile Include="Regning.cpp">
      <Filter>Source Files</Filter>
    </ClCompile>
    <ClCompile Include="Reservasjon.cpp">
      <Filter>Source Files</Filter>
    </ClCompile>
    <ClCompile Include="Dobbel.cpp">
      <Filter>Source Files\Rom</Filter>
    </ClCompile>
    <ClCompile Include="Rom.cpp">
      <Filter>Source Files\Rom</Filter>
    </ClCompile>
    <ClCompile Include="Singel.cpp">
      <Filter>Source Files\Rom</Filter>
    </ClCompile>
    <ClCompile Include="Suite.cpp">
      <Filter>Source Files\Rom</Filter>
    </ClCompile>
    <ClCompile Include="Pris.cpp">
      <Filter>Source Files</Filter>
    </ClCompile>
    <ClCompile Include="Reg_Post.cpp">
      <Filter>Source Files</Filter>
    </ClCompile>
    <ClCompile Include="Global.cpp">
      <Filter>Source Files</Filter>
    </ClCompile>
    <ClCompile Include="Timer.cpp">
      <Filter>Source Files\Frode</Filter>
    </ClCompile>
    <ClCompile Include="Listtool.cpp">
      <Filter>Source Files\Frode</Filter>
    </ClCompile>
  </ItemGroup>
  <ItemGroup>
    <ClInclude Include="Hotell.h">
      <Filter>Header Files</Filter>
    </ClInclude>
    <ClInclude Include="Regning.h">
      <Filter>Header Files</Filter>
    </ClInclude>
    <ClInclude Include="Reservasjon.h">
      <Filter>Header Files</Filter>
    </ClInclude>
    <ClInclude Include="Rom.h">
      <Filter>Header Files\Rom</Filter>
    </ClInclude>
    <ClInclude Include="Singel.h">
      <Filter>Header Files\Rom</Filter>
    </ClInclude>
    <ClInclude Include="Suite.h">
      <Filter>Header Files\Rom</Filter>
    </ClInclude>
    <ClInclude Include="Dobbel.h">
      <Filter>Header Files\Rom</Filter>
    </ClInclude>
    <ClInclude Include="Pris.h">
      <Filter>Header Files</Filter>
    </ClInclude>
    <ClInclude Include="Reg_Post.h">
      <Filter>Header Files</Filter>
    </ClInclude>
    <ClInclude Include="Global.h">
      <Filter>Header Files</Filter>
    </ClInclude>
    <ClInclude Include="Const.h">
      <Filter>Header Files</Filter>
    </ClInclude>
    <ClInclude Include="Timer.h">
      <Filter>Header Files\Frode</Filter>
    </ClInclude>
    <ClInclude Include="Listtool.h">
      <Filter>Header Files\Frode</Filter>
    </ClInclude>
  </ItemGroup>
</Project>